
Microsoft Visual Studio Solution File, Format Version 12.00
# Visual Studio Version 17
VisualStudioVersion = 17.13.35913.81 d17.13
MinimumVisualStudioVersion = 10.0.40219.1
Project("{FAE04EC0-301F-11D3-BF4B-00C04F79EFBC}") = "NonEmergencyAmbulance", "NonEmergencyAmbulance\NonEmergencyAmbulance.csproj", "{06C38655-F255-4BAB-ADCF-E3F83E4F5BC0}"
EndProject
Global
	GlobalSection(SolutionConfigurationPlatforms) = preSolution
		Debug|Any CPU = Debug|Any CPU
		Release|Any CPU = Release|Any CPU
	EndGlobalSection
	GlobalSection(ProjectConfigurationPlatforms) = postSolution
		{06C38655-F255-4BAB-ADCF-E3F83E4F5BC0}.Debug|Any CPU.ActiveCfg = Debug|Any CPU
		{06C38655-F255-4BAB-ADCF-E3F83E4F5BC0}.Debug|Any CPU.Build.0 = Debug|Any CPU
		{06C38655-F255-4BAB-ADCF-E3F83E4F5BC0}.Release|Any CPU.ActiveCfg = Release|Any CPU
		{06C38655-F255-4BAB-ADCF-E3F83E4F5BC0}.Release|Any CPU.Build.0 = Release|Any CPU
	EndGlobalSection
	GlobalSection(SolutionProperties) = preSolution
		HideSolutionNode = FALSE
	EndGlobalSection
	GlobalSection(ExtensibilityGlobals) = postSolution
		SolutionGuid = {0FA5EFF8-0645-47FF-8786-E7FB03043759}
	EndGlobalSection
EndGlobal
